{
  "name": "mighty-multitask-server",
  "version": "0.1.0",
  "lockfileVersion": 3,
  "requires": true,
  "packages": {
    "": {
      "name": "mighty-multitask-server",
      "version": "0.1.0",
      "license": "UNLICENSED",
      "dependencies": {
        "@mighty-multitask-server/admin-panel": "file:./lib/mighty-multitask-server/admin-panel",
        "@mighty-multitask-server/boot": "file:./lib/mighty-multitask-server/boot",
        "@mighty-multitask-server/core-api": "file:./lib/mighty-multitask-server/core-api",
        "@mighty-multitask-server/webserver-util": "file:./lib/mighty-multitask-server/webserver-util",
        "lodash.mergewith": "^4.6.2"
      }
    },
    "lib/mighty-multitask-server/admin-panel": {},
    "lib/mighty-multitask-server/boot": {
      "name": "@mighty-multitask-server/boot",
      "version": "0.1.0",
      "license": "UNLICENSED"
    },
    "lib/mighty-multitask-server/core-api": {
      "name": "@mighty-multitask-server/core-api",
      "version": "0.1.0",
      "license": "UNLICENSED",
      "dependencies": {
        "@mighty-multitask-server/webserver-util": "file:./lib/mighty-multitask-server/webserver-util"
      }
    },
    "lib/mighty-multitask-server/core-api/lib/mighty-multitask-server/webserver-util": {},
    "lib/mighty-multitask-server/core-api/node_modules/@mighty-multitask-server/webserver-util": {
      "resolved": "lib/mighty-multitask-server/core-api/lib/mighty-multitask-server/webserver-util",
      "link": true
    },
    "lib/mighty-multitask-server/webserver-util": {
      "name": "@mighty-multitask-server/webserver-util",
      "version": "0.1.0",
      "license": "UNLICENSED"
    },
    "node_modules/@mighty-multitask-server/admin-panel": {
      "resolved": "lib/mighty-multitask-server/admin-panel",
      "link": true
    },
    "node_modules/@mighty-multitask-server/boot": {
      "resolved": "lib/mighty-multitask-server/boot",
      "link": true
    },
    "node_modules/@mighty-multitask-server/core-api": {
      "resolved": "lib/mighty-multitask-server/core-api",
      "link": true
    },
    "node_modules/@mighty-multitask-server/webserver-util": {
      "resolved": "lib/mighty-multitask-server/webserver-util",
      "link": true
    },
    "node_modules/lodash.mergewith": {
      "version": "4.6.2",
      "resolved": "https://registry.npmjs.org/lodash.mergewith/-/lodash.mergewith-4.6.2.tgz",
      "integrity": "sha512-GK3g5RPZWTRSeLSpgP8Xhra+pnjBC56q9FZYe1d5RN3TJ35dbkGy3YqBSMbyCrlbi+CM9Z3Jk5yTL7RCsqboyQ==",
      "license": "MIT"
    }
  }
}
