{
  "name": "mighty-multitask-server",
  "version": "0.1.0",
  "lockfileVersion": 3,
  "requires": true,
  "packages": {
    "": {
      "name": "mighty-multitask-server",
      "version": "0.1.0",
      "license": "UNLICENSED",
      "dependencies": {
        "@mighty-multitask-server/boot": "file:./lib/mighty-multitask-server/boot"
      }
    },
    "lib/mighty-multitask-server/boot": {
      "name": "@mighty-multitask-server/boot",
      "version": "0.1.0",
      "license": "UNLICENSED"
    },
    "node_modules/@mighty-multitask-server/boot": {
      "resolved": "lib/mighty-multitask-server/boot",
      "link": true
    }
  }
}
